// !$*UTF8*$!
{
	archiveVersion = 1;
	classes = {
	};
	objectVersion = 55;
	objects = {

/* Begin PBXBuildFile section */
		741AB6AE2807F90A00C86784 /* BundleExtension.swift in Sources */ = {isa = PBXBuildFile; fileRef = 741AB6AD2807F90A00C86784 /* BundleExtension.swift */; };
		741AB6B12807FA3D00C86784 /* Store.swift in Sources */ = {isa = PBXBuildFile; fileRef = 741AB6B02807FA3D00C86784 /* Store.swift */; };
		741AB6B32807FAED00C86784 /* ProductData.json in Resources */ = {isa = PBXBuildFile; fileRef = 741AB6B22807FAED00C86784 /* ProductData.json */; };
		741AB6B52807FE5600C86784 /* ProductDetailView.swift in Sources */ = {isa = PBXBuildFile; fileRef = 741AB6B42807FE5600C86784 /* ProductDetailView.swift */; };
		741AB6BA28081A2D00C86784 /* QuantitySelector.swift in Sources */ = {isa = PBXBuildFile; fileRef = 741AB6B928081A2D00C86784 /* QuantitySelector.swift */; };
		7447132A2806B9CF00E956A5 /* Assets.xcassets in Resources */ = {isa = PBXBuildFile; fileRef = 744713292806B9CF00E956A5 /* Assets.xcassets */; };
		7447132E2806BC3100E956A5 /* ColorExtension.swift in Sources */ = {isa = PBXBuildFile; fileRef = 7447132D2806BC3100E956A5 /* ColorExtension.swift */; };
		744713312806C02E00E956A5 /* Product.swift in Sources */ = {isa = PBXBuildFile; fileRef = 744713302806C02E00E956A5 /* Product.swift */; };
		74AC76FD2809316C0027FA19 /* FavoriteButton.swift in Sources */ = {isa = PBXBuildFile; fileRef = 74AC76FC2809316C0027FA19 /* FavoriteButton.swift */; };
		74AC76FF280935DE0027FA19 /* Order.swift in Sources */ = {isa = PBXBuildFile; fileRef = 74AC76FE280935DE0027FA19 /* Order.swift */; };
		74AC770228094C1A0027FA19 /* Symbol.swift in Sources */ = {isa = PBXBuildFile; fileRef = 74AC770128094C1A0027FA19 /* Symbol.swift */; };
		74AC770428094D340027FA19 /* ResizedImage.swift in Sources */ = {isa = PBXBuildFile; fileRef = 74AC770328094D340027FA19 /* ResizedImage.swift */; };
		74AC770728094E9D0027FA19 /* ShrinkButtonStyle.swift in Sources */ = {isa = PBXBuildFile; fileRef = 74AC770628094E9D0027FA19 /* ShrinkButtonStyle.swift */; };
		74AC770A28094F980027FA19 /* Popup.swift in Sources */ = {isa = PBXBuildFile; fileRef = 74AC770928094F980027FA19 /* Popup.swift */; };
		74AC770C28095B290027FA19 /* OrderCompleteMessage.swift in Sources */ = {isa = PBXBuildFile; fileRef = 74AC770B28095B290027FA19 /* OrderCompleteMessage.swift */; };
		74B46EB92806AE7500FFF5A6 /* FruitMartApp.swift in Sources */ = {isa = PBXBuildFile; fileRef = 74B46EB82806AE7500FFF5A6 /* FruitMartApp.swift */; };
		74B46EBB2806AE7500FFF5A6 /* Home.swift in Sources */ = {isa = PBXBuildFile; fileRef = 74B46EBA2806AE7500FFF5A6 /* Home.swift */; };
		74B46EC02806AE7600FFF5A6 /* Preview Assets.xcassets in Resources */ = {isa = PBXBuildFile; fileRef = 74B46EBF2806AE7600FFF5A6 /* Preview Assets.xcassets */; };
		74B46ED02806AEF700FFF5A6 /* ProductRow.swift in Sources */ = {isa = PBXBuildFile; fileRef = 74B46ECF2806AEF700FFF5A6 /* ProductRow.swift */; };
/* End PBXBuildFile section */

/* Begin PBXFileReference section */
		741AB6AD2807F90A00C86784 /* BundleExtension.swift */ = {isa = PBXFileReference; lastKnownFileType = sourcecode.swift; path = BundleExtension.swift; sourceTree = "<group>"; };
		741AB6B02807FA3D00C86784 /* Store.swift */ = {isa = PBXFileReference; lastKnownFileType = sourcecode.swift; path = Store.swift; sourceTree = "<group>"; };
		741AB6B22807FAED00C86784 /* ProductData.json */ = {isa = PBXFileReference; fileEncoding = 4; lastKnownFileType = text.json; path = ProductData.json; sourceTree = "<group>"; };
		741AB6B42807FE5600C86784 /* ProductDetailView.swift */ = {isa = PBXFileReference; lastKnownFileType = sourcecode.swift; path = ProductDetailView.swift; sourceTree = "<group>"; };
		741AB6B928081A2D00C86784 /* QuantitySelector.swift */ = {isa = PBXFileReference; lastKnownFileType = sourcecode.swift; path = QuantitySelector.swift; sourceTree = "<group>"; };
		744713292806B9CF00E956A5 /* Assets.xcassets */ = {isa = PBXFileReference; lastKnownFileType = folder.assetcatalog; name = Assets.xcassets; path = ../../../HelloSwiftUI/HelloSwiftUI/Assets.xcassets; sourceTree = "<group>"; };
		7447132D2806BC3100E956A5 /* ColorExtension.swift */ = {isa = PBXFileReference; lastKnownFileType = sourcecode.swift; path = ColorExtension.swift; sourceTree = "<group>"; };
		744713302806C02E00E956A5 /* Product.swift */ = {isa = PBXFileReference; lastKnownFileType = sourcecode.swift; path = Product.swift; sourceTree = "<group>"; };
		74AC76FC2809316C0027FA19 /* FavoriteButton.swift */ = {isa = PBXFileReference; lastKnownFileType = sourcecode.swift; path = FavoriteButton.swift; sourceTree = "<group>"; };
		74AC76FE280935DE0027FA19 /* Order.swift */ = {isa = PBXFileReference; lastKnownFileType = sourcecode.swift; path = Order.swift; sourceTree = "<group>"; };
		74AC770128094C1A0027FA19 /* Symbol.swift */ = {isa = PBXFileReference; lastKnownFileType = sourcecode.swift; path = Symbol.swift; sourceTree = "<group>"; };
		74AC770328094D340027FA19 /* ResizedImage.swift */ = {isa = PBXFileReference; lastKnownFileType = sourcecode.swift; path = ResizedImage.swift; sourceTree = "<group>"; };
		74AC770628094E9D0027FA19 /* ShrinkButtonStyle.swift */ = {isa = PBXFileReference; lastKnownFileType = sourcecode.swift; path = ShrinkButtonStyle.swift; sourceTree = "<group>"; };
		74AC770928094F980027FA19 /* Popup.swift */ = {isa = PBXFileReference; lastKnownFileType = sourcecode.swift; path = Popup.swift; sourceTree = "<group>"; };
		74AC770B28095B290027FA19 /* OrderCompleteMessage.swift */ = {isa = PBXFileReference; lastKnownFileType = sourcecode.swift; path = OrderCompleteMessage.swift; sourceTree = "<group>"; };
		74B46EB52806AE7500FFF5A6 /* FruitMart.app */ = {isa = PBXFileReference; explicitFileType = wrapper.application; includeInIndex = 0; path = FruitMart.app; sourceTree = BUILT_PRODUCTS_DIR; };
		74B46EB82806AE7500FFF5A6 /* FruitMartApp.swift */ = {isa = PBXFileReference; lastKnownFileType = sourcecode.swift; path = FruitMartApp.swift; sourceTree = "<group>"; };
		74B46EBA2806AE7500FFF5A6 /* Home.swift */ = {isa = PBXFileReference; lastKnownFileType = sourcecode.swift; path = Home.swift; sourceTree = "<group>"; };
		74B46EBF2806AE7600FFF5A6 /* Preview Assets.xcassets */ = {isa = PBXFileReference; lastKnownFileType = folder.assetcatalog; path = "Preview Assets.xcassets"; sourceTree = "<group>"; };
		74B46ECF2806AEF700FFF5A6 /* ProductRow.swift */ = {isa = PBXFileReference; lastKnownFileType = sourcecode.swift; path = ProductRow.swift; sourceTree = "<group>"; };
/* End PBXFileReference section */

/* Begin PBXFrameworksBuildPhase section */
		74B46EB22806AE7500FFF5A6 /* Frameworks */ = {
			isa = PBXFrameworksBuildPhase;
			buildActionMask = 2147483647;
			files = (
			);
			runOnlyForDeploymentPostprocessing = 0;
		};
/* End PBXFrameworksBuildPhase section */

/* Begin PBXGroup section */
		741AB6AF2807F90F00C86784 /* Extension */ = {
			isa = PBXGroup;
			children = (
				7447132D2806BC3100E956A5 /* ColorExtension.swift */,
				741AB6AD2807F90A00C86784 /* BundleExtension.swift */,
			);
			path = Extension;
			sourceTree = "<group>";
		};
		7447132C2806BC1E00E956A5 /* Helper */ = {
			isa = PBXGroup;
			children = (
				74AC770828094F820027FA19 /* ViewModifier */,
				74AC770528094E870027FA19 /* CustomStyle */,
				74AC770028094BB70027FA19 /* CustomView */,
				741AB6AF2807F90F00C86784 /* Extension */,
			);
			path = Helper;
			sourceTree = "<group>";
		};
		7447132F2806C01800E956A5 /* Model */ = {
			isa = PBXGroup;
			children = (
				744713302806C02E00E956A5 /* Product.swift */,
				741AB6B02807FA3D00C86784 /* Store.swift */,
				74AC76FE280935DE0027FA19 /* Order.swift */,
			);
			path = Model;
			sourceTree = "<group>";
		};
		74AC770028094BB70027FA19 /* CustomView */ = {
			isa = PBXGroup;
			children = (
				74AC770128094C1A0027FA19 /* Symbol.swift */,
				74AC770328094D340027FA19 /* ResizedImage.swift */,
			);
			path = CustomView;
			sourceTree = "<group>";
		};
		74AC770528094E870027FA19 /* CustomStyle */ = {
			isa = PBXGroup;
			children = (
				74AC770628094E9D0027FA19 /* ShrinkButtonStyle.swift */,
			);
			path = CustomStyle;
			sourceTree = "<group>";
		};
		74AC770828094F820027FA19 /* ViewModifier */ = {
			isa = PBXGroup;
			children = (
				74AC770928094F980027FA19 /* Popup.swift */,
			);
			path = ViewModifier;
			sourceTree = "<group>";
		};
		74B46EAC2806AE7500FFF5A6 = {
			isa = PBXGroup;
			children = (
				74B46EB72806AE7500FFF5A6 /* FruitMart */,
				74B46EB62806AE7500FFF5A6 /* Products */,
			);
			sourceTree = "<group>";
		};
		74B46EB62806AE7500FFF5A6 /* Products */ = {
			isa = PBXGroup;
			children = (
				74B46EB52806AE7500FFF5A6 /* FruitMart.app */,
			);
			name = Products;
			sourceTree = "<group>";
		};
		74B46EB72806AE7500FFF5A6 /* FruitMart */ = {
			isa = PBXGroup;
			children = (
				74B46EC92806AE8E00FFF5A6 /* Source */,
				74B46ECD2806AEB600FFF5A6 /* Resource */,
				74B46EBE2806AE7600FFF5A6 /* Preview Content */,
			);
			path = FruitMart;
			sourceTree = "<group>";
		};
		74B46EBE2806AE7600FFF5A6 /* Preview Content */ = {
			isa = PBXGroup;
			children = (
				74B46EBF2806AE7600FFF5A6 /* Preview Assets.xcassets */,
			);
			path = "Preview Content";
			sourceTree = "<group>";
		};
		74B46EC92806AE8E00FFF5A6 /* Source */ = {
			isa = PBXGroup;
			children = (
				74B46ECB2806AEA000FFF5A6 /* User Interface */,
				7447132F2806C01800E956A5 /* Model */,
				74B46ECA2806AE9A00FFF5A6 /* Application */,
			);
			path = Source;
			sourceTree = "<group>";
		};
		74B46ECA2806AE9A00FFF5A6 /* Application */ = {
			isa = PBXGroup;
			children = (
				74B46EB82806AE7500FFF5A6 /* FruitMartApp.swift */,
			);
			path = Application;
			sourceTree = "<group>";
		};
		74B46ECB2806AEA000FFF5A6 /* User Interface */ = {
			isa = PBXGroup;
			children = (
				7447132C2806BC1E00E956A5 /* Helper */,
				74B46ECC2806AEA700FFF5A6 /* Home */,
			);
			path = "User Interface";
			sourceTree = "<group>";
		};
		74B46ECC2806AEA700FFF5A6 /* Home */ = {
			isa = PBXGroup;
			children = (
				74B46EBA2806AE7500FFF5A6 /* Home.swift */,
				741AB6B42807FE5600C86784 /* ProductDetailView.swift */,
				74B46ECF2806AEF700FFF5A6 /* ProductRow.swift */,
				741AB6B928081A2D00C86784 /* QuantitySelector.swift */,
				74AC76FC2809316C0027FA19 /* FavoriteButton.swift */,
				74AC770B28095B290027FA19 /* OrderCompleteMessage.swift */,
			);
			path = Home;
			sourceTree = "<group>";
		};
		74B46ECD2806AEB600FFF5A6 /* Resource */ = {
			isa = PBXGroup;
			children = (
				741AB6B22807FAED00C86784 /* ProductData.json */,
				744713292806B9CF00E956A5 /* Assets.xcassets */,
			);
			path = Resource;
			sourceTree = "<group>";
		};
/* End PBXGroup section */

/* Begin PBXNativeTarget section */
		74B46EB42806AE7500FFF5A6 /* FruitMart */ = {
			isa = PBXNativeTarget;
			buildConfigurationList = 74B46EC32806AE7600FFF5A6 /* Build configuration list for PBXNativeTarget "FruitMart" */;
			buildPhases = (
				74B46EB12806AE7500FFF5A6 /* Sources */,
				74B46EB22806AE7500FFF5A6 /* Frameworks */,
				74B46EB32806AE7500FFF5A6 /* Resources */,
			);
			buildRules = (
			);
			dependencies = (
			);
			name = FruitMart;
			productName = FruitMart;
			productReference = 74B46EB52806AE7500FFF5A6 /* FruitMart.app */;
			productType = "com.apple.product-type.application";
		};
/* End PBXNativeTarget section */

/* Begin PBXProject section */
		74B46EAD2806AE7500FFF5A6 /* Project object */ = {
			isa = PBXProject;
			attributes = {
				BuildIndependentTargetsInParallel = 1;
				LastSwiftUpdateCheck = 1330;
				LastUpgradeCheck = 1330;
				TargetAttributes = {
					74B46EB42806AE7500FFF5A6 = {
						CreatedOnToolsVersion = 13.3.1;
					};
				};
			};
			buildConfigurationList = 74B46EB02806AE7500FFF5A6 /* Build configuration list for PBXProject "FruitMart" */;
			compatibilityVersion = "Xcode 13.0";
			developmentRegion = en;
			hasScannedForEncodings = 0;
			knownRegions = (
				en,
				Base,
			);
			mainGroup = 74B46EAC2806AE7500FFF5A6;
			productRefGroup = 74B46EB62806AE7500FFF5A6 /* Products */;
			projectDirPath = "";
			projectRoot = "";
			targets = (
				74B46EB42806AE7500FFF5A6 /* FruitMart */,
			);
		};
/* End PBXProject section */

/* Begin PBXResourcesBuildPhase section */
		74B46EB32806AE7500FFF5A6 /* Resources */ = {
			isa = PBXResourcesBuildPhase;
			buildActionMask = 2147483647;
			files = (
				7447132A2806B9CF00E956A5 /* Assets.xcassets in Resources */,
				74B46EC02806AE7600FFF5A6 /* Preview Assets.xcassets in Resources */,
				741AB6B32807FAED00C86784 /* ProductData.json in Resources */,
			);
			runOnlyForDeploymentPostprocessing = 0;
		};
/* End PBXResourcesBuildPhase section */

/* Begin PBXSourcesBuildPhase section */
		74B46EB12806AE7500FFF5A6 /* Sources */ = {
			isa = PBXSourcesBuildPhase;
			buildActionMask = 2147483647;
			files = (
				741AB6B12807FA3D00C86784 /* Store.swift in Sources */,
				741AB6BA28081A2D00C86784 /* QuantitySelector.swift in Sources */,
				74AC770728094E9D0027FA19 /* ShrinkButtonStyle.swift in Sources */,
				741AB6B52807FE5600C86784 /* ProductDetailView.swift in Sources */,
				74AC76FD2809316C0027FA19 /* FavoriteButton.swift in Sources */,
				74AC770428094D340027FA19 /* ResizedImage.swift in Sources */,
				74AC76FF280935DE0027FA19 /* Order.swift in Sources */,
				74AC770228094C1A0027FA19 /* Symbol.swift in Sources */,
				74B46EBB2806AE7500FFF5A6 /* Home.swift in Sources */,
				74B46EB92806AE7500FFF5A6 /* FruitMartApp.swift in Sources */,
				744713312806C02E00E956A5 /* Product.swift in Sources */,
				74B46ED02806AEF700FFF5A6 /* ProductRow.swift in Sources */,
				74AC770A28094F980027FA19 /* Popup.swift in Sources */,
				7447132E2806BC3100E956A5 /* ColorExtension.swift in Sources */,
				741AB6AE2807F90A00C86784 /* BundleExtension.swift in Sources */,
				74AC770C28095B290027FA19 /* OrderCompleteMessage.swift in Sources */,
			);
			runOnlyForDeploymentPostprocessing = 0;
		};
/* End PBXSourcesBuildPhase section */

/* Begin XCBuildConfiguration section */
		74B46EC12806AE7600FFF5A6 /* Debug */ = {
			isa = XCBuildConfiguration;
			buildSettings = {
				ALWAYS_SEARCH_USER_PATHS = NO;
				CLANG_ANALYZER_NONNULL = YES;
				CLANG_ANALYZER_NUMBER_OBJECT_CONVERSION = YES_AGGRESSIVE;
				CLANG_CXX_LANGUAGE_STANDARD = "gnu++17";
				CLANG_ENABLE_MODULES = YES;
				CLANG_ENABLE_OBJC_ARC = YES;
				CLANG_ENABLE_OBJC_WEAK = YES;
				CLANG_WARN_BLOCK_CAPTURE_AUTORELEASING = YES;
				CLANG_WARN_BOOL_CONVERSION = YES;
				CLANG_WARN_COMMA = YES;
				CLANG_WARN_CONSTANT_CONVERSION = YES;
				CLANG_WARN_DEPRECATED_OBJC_IMPLEMENTATIONS = YES;
				CLANG_WARN_DIRECT_OBJC_ISA_USAGE = YES_ERROR;
				CLANG_WARN_DOCUMENTATION_COMMENTS = YES;
				CLANG_WARN_EMPTY_BODY = YES;
				CLANG_WARN_ENUM_CONVERSION = YES;
				CLANG_WARN_INFINITE_RECURSION = YES;
				CLANG_WARN_INT_CONVERSION = YES;
				CLANG_WARN_NON_LITERAL_NULL_CONVERSION = YES;
				CLANG_WARN_OBJC_IMPLICIT_RETAIN_SELF = YES;
				CLANG_WARN_OBJC_LITERAL_CONVERSION = YES;
				CLANG_WARN_OBJC_ROOT_CLASS = YES_ERROR;
				CLANG_WARN_QUOTED_INCLUDE_IN_FRAMEWORK_HEADER = YES;
				CLANG_WARN_RANGE_LOOP_ANALYSIS = YES;
				CLANG_WARN_STRICT_PROTOTYPES = YES;
				CLANG_WARN_SUSPICIOUS_MOVE = YES;
				CLANG_WARN_UNGUARDED_AVAILABILITY = YES_AGGRESSIVE;
				CLANG_WARN_UNREACHABLE_CODE = YES;
				CLANG_WARN__DUPLICATE_METHOD_MATCH = YES;
				COPY_PHASE_STRIP = NO;
				DEBUG_INFORMATION_FORMAT = dwarf;
				ENABLE_STRICT_OBJC_MSGSEND = YES;
				ENABLE_TESTABILITY = YES;
				GCC_C_LANGUAGE_STANDARD = gnu11;
				GCC_DYNAMIC_NO_PIC = NO;
				GCC_NO_COMMON_BLOCKS = YES;
				GCC_OPTIMIZATION_LEVEL = 0;
				GCC_PREPROCESSOR_DEFINITIONS = (
					"DEBUG=1",
					"$(inherited)",
				);
				GCC_WARN_64_TO_32_BIT_CONVERSION = YES;
				GCC_WARN_ABOUT_RETURN_TYPE = YES_ERROR;
				GCC_WARN_UNDECLARED_SELECTOR = YES;
				GCC_WARN_UNINITIALIZED_AUTOS = YES_AGGRESSIVE;
				GCC_WARN_UNUSED_FUNCTION = YES;
				GCC_WARN_UNUSED_VARIABLE = YES;
				IPHONEOS_DEPLOYMENT_TARGET = 15.4;
				MTL_ENABLE_DEBUG_INFO = INCLUDE_SOURCE;
				MTL_FAST_MATH = YES;
				ONLY_ACTIVE_ARCH = YES;
				SDKROOT = iphoneos;
				SWIFT_ACTIVE_COMPILATION_CONDITIONS = DEBUG;
				SWIFT_OPTIMIZATION_LEVEL = "-Onone";
			};
			name = Debug;
		};
		74B46EC22806AE7600FFF5A6 /* Release */ = {
			isa = XCBuildConfiguration;
			buildSettings = {
				ALWAYS_SEARCH_USER_PATHS = NO;
				CLANG_ANALYZER_NONNULL = YES;
				CLANG_ANALYZER_NUMBER_OBJECT_CONVERSION = YES_AGGRESSIVE;
				CLANG_CXX_LANGUAGE_STANDARD = "gnu++17";
				CLANG_ENABLE_MODULES = YES;
				CLANG_ENABLE_OBJC_ARC = YES;
				CLANG_ENABLE_OBJC_WEAK = YES;
				CLANG_WARN_BLOCK_CAPTURE_AUTORELEASING = YES;
				CLANG_WARN_BOOL_CONVERSION = YES;
				CLANG_WARN_COMMA = YES;
				CLANG_WARN_CONSTANT_CONVERSION = YES;
				CLANG_WARN_DEPRECATED_OBJC_IMPLEMENTATIONS = YES;
				CLANG_WARN_DIRECT_OBJC_ISA_USAGE = YES_ERROR;
				CLANG_WARN_DOCUMENTATION_COMMENTS = YES;
				CLANG_WARN_EMPTY_BODY = YES;
				CLANG_WARN_ENUM_CONVERSION = YES;
				CLANG_WARN_INFINITE_RECURSION = YES;
				CLANG_WARN_INT_CONVERSION = YES;
				CLANG_WARN_NON_LITERAL_NULL_CONVERSION = YES;
				CLANG_WARN_OBJC_IMPLICIT_RETAIN_SELF = YES;
				CLANG_WARN_OBJC_LITERAL_CONVERSION = YES;
				CLANG_WARN_OBJC_ROOT_CLASS = YES_ERROR;
				CLANG_WARN_QUOTED_INCLUDE_IN_FRAMEWORK_HEADER = YES;
				CLANG_WARN_RANGE_LOOP_ANALYSIS = YES;
				CLANG_WARN_STRICT_PROTOTYPES = YES;
				CLANG_WARN_SUSPICIOUS_MOVE = YES;
				CLANG_WARN_UNGUARDED_AVAILABILITY = YES_AGGRESSIVE;
				CLANG_WARN_UNREACHABLE_CODE = YES;
				CLANG_WARN__DUPLICATE_METHOD_MATCH = YES;
				COPY_PHASE_STRIP = NO;
				DEBUG_INFORMATION_FORMAT = "dwarf-with-dsym";
				ENABLE_NS_ASSERTIONS = NO;
				ENABLE_STRICT_OBJC_MSGSEND = YES;
				GCC_C_LANGUAGE_STANDARD = gnu11;
				GCC_NO_COMMON_BLOCKS = YES;
				GCC_WARN_64_TO_32_BIT_CONVERSION = YES;
				GCC_WARN_ABOUT_RETURN_TYPE = YES_ERROR;
				GCC_WARN_UNDECLARED_SELECTOR = YES;
				GCC_WARN_UNINITIALIZED_AUTOS = YES_AGGRESSIVE;
				GCC_WARN_UNUSED_FUNCTION = YES;
				GCC_WARN_UNUSED_VARIABLE = YES;
				IPHONEOS_DEPLOYMENT_TARGET = 15.4;
				MTL_ENABLE_DEBUG_INFO = NO;
				MTL_FAST_MATH = YES;
				SDKROOT = iphoneos;
				SWIFT_COMPILATION_MODE = wholemodule;
				SWIFT_OPTIMIZATION_LEVEL = "-O";
				VALIDATE_PRODUCT = YES;
			};
			name = Release;
		};
		74B46EC42806AE7600FFF5A6 /* Debug */ = {
			isa = XCBuildConfiguration;
			buildSettings = {
				ASSETCATALOG_COMPILER_APPICON_NAME = AppIcon;
				ASSETCATALOG_COMPILER_GLOBAL_ACCENT_COLOR_NAME = AccentColor;
				CODE_SIGN_STYLE = Automatic;
				CURRENT_PROJECT_VERSION = 1;
				DEVELOPMENT_ASSET_PATHS = "\"FruitMart/Preview Content\"";
				DEVELOPMENT_TEAM = H4MSW7FUBB;
				ENABLE_PREVIEWS = YES;
				GENERATE_INFOPLIST_FILE = YES;
				INFOPLIST_KEY_UIApplicationSceneManifest_Generation = YES;
				INFOPLIST_KEY_UIApplicationSupportsIndirectInputEvents = YES;
				INFOPLIST_KEY_UILaunchScreen_Generation = YES;
				INFOPLIST_KEY_UISupportedInterfaceOrientations_iPad = "UIInterfaceOrientationPortrait UIInterfaceOrientationPortraitUpsideDown UIInterfaceOrientationLandscapeLeft UIInterfaceOrientationLandscapeRight";
				INFOPLIST_KEY_UISupportedInterfaceOrientations_iPhone = "UIInterfaceOrientationPortrait UIInterfaceOrientationLandscapeLeft UIInterfaceOrientationLandscapeRight";
				LD_RUNPATH_SEARCH_PATHS = (
					"$(inherited)",
					"@executable_path/Frameworks",
				);
				MARKETING_VERSION = 1.0;
				PRODUCT_BUNDLE_IDENTIFIER = kr.co.test.HelloSwiftUI;
				PRODUCT_NAME = "$(TARGET_NAME)";
				SWIFT_EMIT_LOC_STRINGS = YES;
				SWIFT_VERSION = 5.0;
				TARGETED_DEVICE_FAMILY = "1,2";
			};
			name = Debug;
		};
		74B46EC52806AE7600FFF5A6 /* Release */ = {
			isa = XCBuildConfiguration;
			buildSettings = {
				ASSETCATALOG_COMPILER_APPICON_NAME = AppIcon;
				ASSETCATALOG_COMPILER_GLOBAL_ACCENT_COLOR_NAME = AccentColor;
				CODE_SIGN_STYLE = Automatic;
				CURRENT_PROJECT_VERSION = 1;
				DEVELOPMENT_ASSET_PATHS = "\"FruitMart/Preview Content\"";
				DEVELOPMENT_TEAM = H4MSW7FUBB;
				ENABLE_PREVIEWS = YES;
				GENERATE_INFOPLIST_FILE = YES;
				INFOPLIST_KEY_UIApplicationSceneManifest_Generation = YES;
				INFOPLIST_KEY_UIApplicationSupportsIndirectInputEvents = YES;
				INFOPLIST_KEY_UILaunchScreen_Generation = YES;
				INFOPLIST_KEY_UISupportedInterfaceOrientations_iPad = "UIInterfaceOrientationPortrait UIInterfaceOrientationPortraitUpsideDown UIInterfaceOrientationLandscapeLeft UIInterfaceOrientationLandscapeRight";
				INFOPLIST_KEY_UISupportedInterfaceOrientations_iPhone = "UIInterfaceOrientationPortrait UIInterfaceOrientationLandscapeLeft UIInterfaceOrientationLandscapeRight";
				LD_RUNPATH_SEARCH_PATHS = (
					"$(inherited)",
					"@executable_path/Frameworks",
				);
				MARKETING_VERSION = 1.0;
				PRODUCT_BUNDLE_IDENTIFIER = kr.co.test.HelloSwiftUI;
				PRODUCT_NAME = "$(TARGET_NAME)";
				SWIFT_EMIT_LOC_STRINGS = YES;
				SWIFT_VERSION = 5.0;
				TARGETED_DEVICE_FAMILY = "1,2";
			};
			name = Release;
		};
/* End XCBuildConfiguration section */

/* Begin XCConfigurationList section */
		74B46EB02806AE7500FFF5A6 /* Build configuration list for PBXProject "FruitMart" */ = {
			isa = XCConfigurationList;
			buildConfigurations = (
				74B46EC12806AE7600FFF5A6 /* Debug */,
				74B46EC22806AE7600FFF5A6 /* Release */,
			);
			defaultConfigurationIsVisible = 0;
			defaultConfigurationName = Release;
		};
		74B46EC32806AE7600FFF5A6 /* Build configuration list for PBXNativeTarget "FruitMart" */ = {
			isa = XCConfigurationList;
			buildConfigurations = (
				74B46EC42806AE7600FFF5A6 /* Debug */,
				74B46EC52806AE7600FFF5A6 /* Release */,
			);
			defaultConfigurationIsVisible = 0;
			defaultConfigurationName = Release;
		};
/* End XCConfigurationList section */
	};
	rootObject = 74B46EAD2806AE7500FFF5A6 /* Project object */;
}
